PODS:
  - SimpleLayout (0.2.1)
  - SimpleSession (0.2.0)

DEPENDENCIES:
  - SimpleLayout (= 0.2.1)
  - SimpleSession (from `../../`)

EXTERNAL SOURCES:
  SimpleSession:
    :path: ../../

SPEC CHECKSUMS:
  SimpleLayout: 71971a2175eeac4f82b926662b0cf66ff697103f
  SimpleSession: 09c56490342d4a18de14a47d2a9c7de91e43c8b7

PODFILE CHECKSUM: 1b1c4d10e881294b45b23083a6aa45cb0d79674c

COCOAPODS: 1.2.0.beta.1
